
Microsoft Visual Studio Solution File, Format Version 12.00
# Visual Studio Version 17
VisualStudioVersion = 17.13.35828.75 d17.13
MinimumVisualStudioVersion = 10.0.40219.1
Project("{FAE04EC0-301F-11D3-BF4B-00C04F79EFBC}") = "OKAKulator", "OKAKulator\OKAKulator.csproj", "{7BC51676-6135-4F11-9EC7-CA9692DE723A}"
EndProject
Global
	GlobalSection(SolutionConfigurationPlatforms) = preSolution
		Debug|Any CPU = Debug|Any CPU
		Release|Any CPU = Release|Any CPU
	EndGlobalSection
	GlobalSection(ProjectConfigurationPlatforms) = postSolution
		{7BC51676-6135-4F11-9EC7-CA9692DE723A}.Debug|Any CPU.ActiveCfg = Debug|Any CPU
		{7BC51676-6135-4F11-9EC7-CA9692DE723A}.Debug|Any CPU.Build.0 = Debug|Any CPU
		{7BC51676-6135-4F11-9EC7-CA9692DE723A}.Release|Any CPU.ActiveCfg = Release|Any CPU
		{7BC51676-6135-4F11-9EC7-CA9692DE723A}.Release|Any CPU.Build.0 = Release|Any CPU
	EndGlobalSection
	GlobalSection(SolutionProperties) = preSolution
		HideSolutionNode = FALSE
	EndGlobalSection
	GlobalSection(ExtensibilityGlobals) = postSolution
		SolutionGuid = {BD98D3C6-ADEA-4B60-BB40-A1D6606174F0}
	EndGlobalSection
EndGlobal
